
Microsoft Visual Studio Solution File, Format Version 12.00
# Visual Studio Version 17
VisualStudioVersion = 17.4.33213.308
MinimumVisualStudioVersion = 10.0.40219.1
Project("{FAE04EC0-301F-11D3-BF4B-00C04F79EFBC}") = "Console.PracticePanther", "Console.PracticePanther\Console.PracticePanther.csproj", "{54D73E57-FFDB-4A44-8D1D-B256825CF3AA}"
EndProject
Global
	GlobalSection(SolutionConfigurationPlatforms) = preSolution
		Debug|Any CPU = Debug|Any CPU
		Release|Any CPU = Release|Any CPU
	EndGlobalSection
	GlobalSection(ProjectConfigurationPlatforms) = postSolution
		{54D73E57-FFDB-4A44-8D1D-B256825CF3AA}.Debug|Any CPU.ActiveCfg = Debug|Any CPU
		{54D73E57-FFDB-4A44-8D1D-B256825CF3AA}.Debug|Any CPU.Build.0 = Debug|Any CPU
		{54D73E57-FFDB-4A44-8D1D-B256825CF3AA}.Release|Any CPU.ActiveCfg = Release|Any CPU
		{54D73E57-FFDB-4A44-8D1D-B256825CF3AA}.Release|Any CPU.Build.0 = Release|Any CPU
	EndGlobalSection
	GlobalSection(SolutionProperties) = preSolution
		HideSolutionNode = FALSE
	EndGlobalSection
	GlobalSection(ExtensibilityGlobals) = postSolution
		SolutionGuid = {4F789D8E-D776-4260-8B1C-D879D9C581C9}
	EndGlobalSection
EndGlobal
